
Microsoft Visual Studio Solution File, Format Version 12.00
# Visual Studio 14
VisualStudioVersion = 14.0.24720.0
MinimumVisualStudioVersion = 10.0.40219.1
Project("{FAE04EC0-301F-11D3-BF4B-00C04F79EFBC}") = "CustomThreadPool", "CustomThreadPool\CustomThreadPool.csproj", "{B5F38254-BC76-4FF9-9D76-ABF5E41EE0A6}"
EndProject
Project("{FAE04EC0-301F-11D3-BF4B-00C04F79EFBC}") = "CAPExample", "CAPExample\CAPExample.csproj", "{B5543C4D-2679-41B5-A030-D266489AB965}"
EndProject
Project("{FAE04EC0-301F-11D3-BF4B-00C04F79EFBC}") = "TLSDataSlot", "TLSDataSlot\TLSDataSlot.csproj", "{E1182219-186B-4CF6-9EC7-ACB85CB14BB5}"
EndProject
Project("{FAE04EC0-301F-11D3-BF4B-00C04F79EFBC}") = "ThreadStaticAttributeTest", "ThreadStaticAttributeTest\ThreadStaticAttributeTest.csproj", "{217C1A3E-F427-4750-921B-33C37C463ADE}"
EndProject
Project("{FAE04EC0-301F-11D3-BF4B-00C04F79EFBC}") = "AppDomainData", "AppDomainData\AppDomainData.csproj", "{AD0D2919-0711-463A-BF4D-BC93511E19D7}"
EndProject
Project("{FAE04EC0-301F-11D3-BF4B-00C04F79EFBC}") = "File1000s", "File1000s\File1000s.csproj", "{FA76FB32-25B4-4E8E-A96B-BD54D8904D4B}"
EndProject
Project("{FAE04EC0-301F-11D3-BF4B-00C04F79EFBC}") = "TestThread1", "TestThread1\TestThread1.csproj", "{69C6C003-4D86-49F7-993A-A472549FE3F7}"
EndProject
Project("{FAE04EC0-301F-11D3-BF4B-00C04F79EFBC}") = "TestThread2", "TestThread2\TestThread2.csproj", "{0D2DFCAF-C9DF-40CA-A726-3B6096F724CE}"
EndProject
Project("{FAE04EC0-301F-11D3-BF4B-00C04F79EFBC}") = "TestThread3", "TestThread3\TestThread3.csproj", "{D140CDEF-BC7E-46BB-8E63-04D78A15F9A5}"
EndProject
Project("{FAE04EC0-301F-11D3-BF4B-00C04F79EFBC}") = "TestThread4", "TestThread4\TestThread4.csproj", "{304EA1CE-177A-42C3-9FC6-1DF250E373DB}"
EndProject
Project("{FAE04EC0-301F-11D3-BF4B-00C04F79EFBC}") = "WordSearchBackground", "WordSearchBackground\WordSearchBackground.csproj", "{D9BD1359-37E6-4E88-8958-B31F14276205}"
EndProject
Global
	GlobalSection(SolutionConfigurationPlatforms) = preSolution
		Debug|Any CPU = Debug|Any CPU
		Release|Any CPU = Release|Any CPU
	EndGlobalSection
	GlobalSection(ProjectConfigurationPlatforms) = postSolution
		{B5F38254-BC76-4FF9-9D76-ABF5E41EE0A6}.Debug|Any CPU.ActiveCfg = Debug|Any CPU
		{B5F38254-BC76-4FF9-9D76-ABF5E41EE0A6}.Debug|Any CPU.Build.0 = Debug|Any CPU
		{B5F38254-BC76-4FF9-9D76-ABF5E41EE0A6}.Release|Any CPU.ActiveCfg = Release|Any CPU
		{B5F38254-BC76-4FF9-9D76-ABF5E41EE0A6}.Release|Any CPU.Build.0 = Release|Any CPU
		{B5543C4D-2679-41B5-A030-D266489AB965}.Debug|Any CPU.ActiveCfg = Debug|Any CPU
		{B5543C4D-2679-41B5-A030-D266489AB965}.Debug|Any CPU.Build.0 = Debug|Any CPU
		{B5543C4D-2679-41B5-A030-D266489AB965}.Release|Any CPU.ActiveCfg = Release|Any CPU
		{B5543C4D-2679-41B5-A030-D266489AB965}.Release|Any CPU.Build.0 = Release|Any CPU
		{E1182219-186B-4CF6-9EC7-ACB85CB14BB5}.Debug|Any CPU.ActiveCfg = Debug|Any CPU
		{E1182219-186B-4CF6-9EC7-ACB85CB14BB5}.Debug|Any CPU.Build.0 = Debug|Any CPU
		{E1182219-186B-4CF6-9EC7-ACB85CB14BB5}.Release|Any CPU.ActiveCfg = Release|Any CPU
		{E1182219-186B-4CF6-9EC7-ACB85CB14BB5}.Release|Any CPU.Build.0 = Release|Any CPU
		{217C1A3E-F427-4750-921B-33C37C463ADE}.Debug|Any CPU.ActiveCfg = Debug|Any CPU
		{217C1A3E-F427-4750-921B-33C37C463ADE}.Debug|Any CPU.Build.0 = Debug|Any CPU
		{217C1A3E-F427-4750-921B-33C37C463ADE}.Release|Any CPU.ActiveCfg = Release|Any CPU
		{217C1A3E-F427-4750-921B-33C37C463ADE}.Release|Any CPU.Build.0 = Release|Any CPU
		{AD0D2919-0711-463A-BF4D-BC93511E19D7}.Debug|Any CPU.ActiveCfg = Debug|Any CPU
		{AD0D2919-0711-463A-BF4D-BC93511E19D7}.Debug|Any CPU.Build.0 = Debug|Any CPU
		{AD0D2919-0711-463A-BF4D-BC93511E19D7}.Release|Any CPU.ActiveCfg = Release|Any CPU
		{AD0D2919-0711-463A-BF4D-BC93511E19D7}.Release|Any CPU.Build.0 = Release|Any CPU
		{FA76FB32-25B4-4E8E-A96B-BD54D8904D4B}.Debug|Any CPU.ActiveCfg = Debug|Any CPU
		{FA76FB32-25B4-4E8E-A96B-BD54D8904D4B}.Debug|Any CPU.Build.0 = Debug|Any CPU
		{FA76FB32-25B4-4E8E-A96B-BD54D8904D4B}.Release|Any CPU.ActiveCfg = Release|Any CPU
		{FA76FB32-25B4-4E8E-A96B-BD54D8904D4B}.Release|Any CPU.Build.0 = Release|Any CPU
		{69C6C003-4D86-49F7-993A-A472549FE3F7}.Debug|Any CPU.ActiveCfg = Debug|Any CPU
		{69C6C003-4D86-49F7-993A-A472549FE3F7}.Debug|Any CPU.Build.0 = Debug|Any CPU
		{69C6C003-4D86-49F7-993A-A472549FE3F7}.Release|Any CPU.ActiveCfg = Release|Any CPU
		{69C6C003-4D86-49F7-993A-A472549FE3F7}.Release|Any CPU.Build.0 = Release|Any CPU
		{0D2DFCAF-C9DF-40CA-A726-3B6096F724CE}.Debug|Any CPU.ActiveCfg = Debug|Any CPU
		{0D2DFCAF-C9DF-40CA-A726-3B6096F724CE}.Debug|Any CPU.Build.0 = Debug|Any CPU
		{0D2DFCAF-C9DF-40CA-A726-3B6096F724CE}.Release|Any CPU.ActiveCfg = Release|Any CPU
		{0D2DFCAF-C9DF-40CA-A726-3B6096F724CE}.Release|Any CPU.Build.0 = Release|Any CPU
		{D140CDEF-BC7E-46BB-8E63-04D78A15F9A5}.Debug|Any CPU.ActiveCfg = Debug|Any CPU
		{D140CDEF-BC7E-46BB-8E63-04D78A15F9A5}.Debug|Any CPU.Build.0 = Debug|Any CPU
		{D140CDEF-BC7E-46BB-8E63-04D78A15F9A5}.Release|Any CPU.ActiveCfg = Release|Any CPU
		{D140CDEF-BC7E-46BB-8E63-04D78A15F9A5}.Release|Any CPU.Build.0 = Release|Any CPU
		{304EA1CE-177A-42C3-9FC6-1DF250E373DB}.Debug|Any CPU.ActiveCfg = Debug|Any CPU
		{304EA1CE-177A-42C3-9FC6-1DF250E373DB}.Debug|Any CPU.Build.0 = Debug|Any CPU
		{304EA1CE-177A-42C3-9FC6-1DF250E373DB}.Release|Any CPU.ActiveCfg = Release|Any CPU
		{304EA1CE-177A-42C3-9FC6-1DF250E373DB}.Release|Any CPU.Build.0 = Release|Any CPU
		{D9BD1359-37E6-4E88-8958-B31F14276205}.Debug|Any CPU.ActiveCfg = Debug|Any CPU
		{D9BD1359-37E6-4E88-8958-B31F14276205}.Debug|Any CPU.Build.0 = Debug|Any CPU
		{D9BD1359-37E6-4E88-8958-B31F14276205}.Release|Any CPU.ActiveCfg = Release|Any CPU
		{D9BD1359-37E6-4E88-8958-B31F14276205}.Release|Any CPU.Build.0 = Release|Any CPU
	EndGlobalSection
	GlobalSection(SolutionProperties) = preSolution
		HideSolutionNode = FALSE
	EndGlobalSection
EndGlobal
