
Microsoft Visual Studio Solution File, Format Version 12.00
# Visual Studio 14
VisualStudioVersion = 14.0.24720.0
MinimumVisualStudioVersion = 10.0.40219.1
Project("{FAE04EC0-301F-11D3-BF4B-00C04F79EFBC}") = "MyUnitTestExceriseTests", "MyUnitTestExcerise\MyUnitTestExceriseTests\MyUnitTestExceriseTests.csproj", "{4BDB3D5E-FDAA-4D89-BCFE-14BCFF87849F}"
EndProject
Project("{FAE04EC0-301F-11D3-BF4B-00C04F79EFBC}") = "MyUnitTestExceriseTestsUsingMoq", "MyUnitTestExcerise\MyUnitTestExceriseTestsUsingMoq\MyUnitTestExceriseTestsUsingMoq.csproj", "{6B1DE0EE-1362-4EF5-8E51-41EC6420FE0E}"
EndProject
Project("{FAE04EC0-301F-11D3-BF4B-00C04F79EFBC}") = "MyUnitTestExcerise", "MyUnitTestExcerise\MyUnitTestExcerise\MyUnitTestExcerise.csproj", "{2C89C94C-A557-4A23-B21C-DBEBCDD8CB3D}"
EndProject
Project("{FAE04EC0-301F-11D3-BF4B-00C04F79EFBC}") = "MyUnitTestExceriseTestsUsingNUnitAndMoq", "MyUnitTestExcerise\MyUnitTestExceriseTestsUsingNUnitAndMoq\MyUnitTestExceriseTestsUsingNUnitAndMoq.csproj", "{8EDF4429-251A-416D-BB68-93F227191BCF}"
EndProject
Project("{FAE04EC0-301F-11D3-BF4B-00C04F79EFBC}") = "MyUnitTestExceriseTestsUsingxUnit", "MyUnitTestExcerise\MyUnitTestExceriseTestsUsingxUnit\MyUnitTestExceriseTestsUsingxUnit.csproj", "{E41B53B5-6FED-4BE8-B292-48DDA0098BC5}"
EndProject
Global
	GlobalSection(SolutionConfigurationPlatforms) = preSolution
		Debug|Any CPU = Debug|Any CPU
		Release|Any CPU = Release|Any CPU
	EndGlobalSection
	GlobalSection(ProjectConfigurationPlatforms) = postSolution
		{4BDB3D5E-FDAA-4D89-BCFE-14BCFF87849F}.Debug|Any CPU.ActiveCfg = Debug|Any CPU
		{4BDB3D5E-FDAA-4D89-BCFE-14BCFF87849F}.Debug|Any CPU.Build.0 = Debug|Any CPU
		{4BDB3D5E-FDAA-4D89-BCFE-14BCFF87849F}.Release|Any CPU.ActiveCfg = Release|Any CPU
		{4BDB3D5E-FDAA-4D89-BCFE-14BCFF87849F}.Release|Any CPU.Build.0 = Release|Any CPU
		{6B1DE0EE-1362-4EF5-8E51-41EC6420FE0E}.Debug|Any CPU.ActiveCfg = Debug|Any CPU
		{6B1DE0EE-1362-4EF5-8E51-41EC6420FE0E}.Debug|Any CPU.Build.0 = Debug|Any CPU
		{6B1DE0EE-1362-4EF5-8E51-41EC6420FE0E}.Release|Any CPU.ActiveCfg = Release|Any CPU
		{6B1DE0EE-1362-4EF5-8E51-41EC6420FE0E}.Release|Any CPU.Build.0 = Release|Any CPU
		{2C89C94C-A557-4A23-B21C-DBEBCDD8CB3D}.Debug|Any CPU.ActiveCfg = Debug|Any CPU
		{2C89C94C-A557-4A23-B21C-DBEBCDD8CB3D}.Debug|Any CPU.Build.0 = Debug|Any CPU
		{2C89C94C-A557-4A23-B21C-DBEBCDD8CB3D}.Release|Any CPU.ActiveCfg = Release|Any CPU
		{2C89C94C-A557-4A23-B21C-DBEBCDD8CB3D}.Release|Any CPU.Build.0 = Release|Any CPU
		{8EDF4429-251A-416D-BB68-93F227191BCF}.Debug|Any CPU.ActiveCfg = Debug|Any CPU
		{8EDF4429-251A-416D-BB68-93F227191BCF}.Debug|Any CPU.Build.0 = Debug|Any CPU
		{8EDF4429-251A-416D-BB68-93F227191BCF}.Release|Any CPU.ActiveCfg = Release|Any CPU
		{8EDF4429-251A-416D-BB68-93F227191BCF}.Release|Any CPU.Build.0 = Release|Any CPU
		{E41B53B5-6FED-4BE8-B292-48DDA0098BC5}.Debug|Any CPU.ActiveCfg = Debug|Any CPU
		{E41B53B5-6FED-4BE8-B292-48DDA0098BC5}.Debug|Any CPU.Build.0 = Debug|Any CPU
		{E41B53B5-6FED-4BE8-B292-48DDA0098BC5}.Release|Any CPU.ActiveCfg = Release|Any CPU
		{E41B53B5-6FED-4BE8-B292-48DDA0098BC5}.Release|Any CPU.Build.0 = Release|Any CPU
	EndGlobalSection
	GlobalSection(SolutionProperties) = preSolution
		HideSolutionNode = FALSE
	EndGlobalSection
EndGlobal
